
Microsoft Visual Studio Solution File, Format Version 12.00
# Visual Studio 15
Project("{FAE04EC0-301F-11D3-BF4B-00C04F79EFBC}") = "Assembly-CSharp", "Assembly-CSharp.csproj", "{1C9341A2-BF71-2D01-8972-A6567163ABA0}"
EndProject
Project("{FAE04EC0-301F-11D3-BF4B-00C04F79EFBC}") = "Assembly-CSharp-Editor", "Assembly-CSharp-Editor.csproj", "{6A08C7A5-4457-23D7-0C6D-5746EA34357D}"
EndProject
Global
	GlobalSection(SolutionConfigurationPlatforms) = preSolution
		Debug|Any CPU = Debug|Any CPU
		Release|Any CPU = Release|Any CPU
	EndGlobalSection
	GlobalSection(ProjectConfigurationPlatforms) = postSolution
		{1C9341A2-BF71-2D01-8972-A6567163ABA0}.Debug|Any CPU.ActiveCfg = Debug|Any CPU
		{1C9341A2-BF71-2D01-8972-A6567163ABA0}.Debug|Any CPU.Build.0 = Debug|Any CPU
		{1C9341A2-BF71-2D01-8972-A6567163ABA0}.Release|Any CPU.ActiveCfg = Release|Any CPU
		{1C9341A2-BF71-2D01-8972-A6567163ABA0}.Release|Any CPU.Build.0 = Release|Any CPU
		{6A08C7A5-4457-23D7-0C6D-5746EA34357D}.Debug|Any CPU.ActiveCfg = Debug|Any CPU
		{6A08C7A5-4457-23D7-0C6D-5746EA34357D}.Debug|Any CPU.Build.0 = Debug|Any CPU
		{6A08C7A5-4457-23D7-0C6D-5746EA34357D}.Release|Any CPU.ActiveCfg = Release|Any CPU
		{6A08C7A5-4457-23D7-0C6D-5746EA34357D}.Release|Any CPU.Build.0 = Release|Any CPU
	EndGlobalSection
	GlobalSection(SolutionProperties) = preSolution
		HideSolutionNode = FALSE
	EndGlobalSection
EndGlobal
